
Microsoft Visual Studio Solution File, Format Version 12.00
# Visual Studio 15
VisualStudioVersion = 15.0.28010.2003
MinimumVisualStudioVersion = 10.0.40219.1
Project("{FAE04EC0-301F-11D3-BF4B-00C04F79EFBC}") = "00. Overview", "00. Overview\00. Overview.csproj", "{3FE709DF-B000-44A9-9AD8-E807BD991896}"
EndProject
Project("{FAE04EC0-301F-11D3-BF4B-00C04F79EFBC}") = "SimpleJudge", "SimpleJudge\SimpleJudge.csproj", "{3524E9D4-89A0-4910-8BEE-D928D0CAF3F2}"
EndProject
Global
	GlobalSection(SolutionConfigurationPlatforms) = preSolution
		Debug|Any CPU = Debug|Any CPU
		Release|Any CPU = Release|Any CPU
	EndGlobalSection
	GlobalSection(ProjectConfigurationPlatforms) = postSolution
		{3FE709DF-B000-44A9-9AD8-E807BD991896}.Debug|Any CPU.ActiveCfg = Debug|Any CPU
		{3FE709DF-B000-44A9-9AD8-E807BD991896}.Debug|Any CPU.Build.0 = Debug|Any CPU
		{3FE709DF-B000-44A9-9AD8-E807BD991896}.Release|Any CPU.ActiveCfg = Release|Any CPU
		{3FE709DF-B000-44A9-9AD8-E807BD991896}.Release|Any CPU.Build.0 = Release|Any CPU
		{3524E9D4-89A0-4910-8BEE-D928D0CAF3F2}.Debug|Any CPU.ActiveCfg = Debug|Any CPU
		{3524E9D4-89A0-4910-8BEE-D928D0CAF3F2}.Debug|Any CPU.Build.0 = Debug|Any CPU
		{3524E9D4-89A0-4910-8BEE-D928D0CAF3F2}.Release|Any CPU.ActiveCfg = Release|Any CPU
		{3524E9D4-89A0-4910-8BEE-D928D0CAF3F2}.Release|Any CPU.Build.0 = Release|Any CPU
	EndGlobalSection
	GlobalSection(SolutionProperties) = preSolution
		HideSolutionNode = FALSE
	EndGlobalSection
	GlobalSection(ExtensibilityGlobals) = postSolution
		SolutionGuid = {949B1723-3259-463D-9DEC-C3CD97EF881F}
	EndGlobalSection
EndGlobal
