
Microsoft Visual Studio Solution File, Format Version 12.00
# Visual Studio 15
VisualStudioVersion = 15.0.28010.2003
MinimumVisualStudioVersion = 10.0.40219.1
Project("{FAE04EC0-301F-11D3-BF4B-00C04F79EFBC}") = "00. Overview", "00. Overview\00. Overview.csproj", "{BC4BA010-32AF-46A7-8FD6-94FDA5ED57E9}"
EndProject
Global
	GlobalSection(SolutionConfigurationPlatforms) = preSolution
		Debug|Any CPU = Debug|Any CPU
		Release|Any CPU = Release|Any CPU
	EndGlobalSection
	GlobalSection(ProjectConfigurationPlatforms) = postSolution
		{BC4BA010-32AF-46A7-8FD6-94FDA5ED57E9}.Debug|Any CPU.ActiveCfg = Debug|Any CPU
		{BC4BA010-32AF-46A7-8FD6-94FDA5ED57E9}.Debug|Any CPU.Build.0 = Debug|Any CPU
		{BC4BA010-32AF-46A7-8FD6-94FDA5ED57E9}.Release|Any CPU.ActiveCfg = Release|Any CPU
		{BC4BA010-32AF-46A7-8FD6-94FDA5ED57E9}.Release|Any CPU.Build.0 = Release|Any CPU
	EndGlobalSection
	GlobalSection(SolutionProperties) = preSolution
		HideSolutionNode = FALSE
	EndGlobalSection
	GlobalSection(ExtensibilityGlobals) = postSolution
		SolutionGuid = {2D06E080-A307-471E-B57B-7AD7733B3C07}
	EndGlobalSection
EndGlobal
